# This file was autogenerated by uv via the following command:
#    uv pip compile riscv-mini\requirements.in --python-version 3.10 -o riscv-mini\requirements.lock
certifi==2026.7.22
    # via requests
charset-normalizer==3.5.2
    # via requests
colorama==0.4.6
    # via migen
idna==3.20
    # via requests
litedram @ git+https://github.com/enjoy-digital/litedram.git@676871a1f50a1ab0073eaadaa75763432f038188
    # via -r riscv-mini/requirements.in
litesdcard @ git+https://github.com/enjoy-digital/litesdcard.git@17718d9258ac2dd62ac23e2eecd7ac613a050986
    # via -r riscv-mini/requirements.in
litespi @ git+https://github.com/litex-hub/litespi.git@1efda7b0ffe48068239e9a3b559d29c94c83fcf2
    # via -r riscv-mini/requirements.in
litex @ git+https://github.com/enjoy-digital/litex.git@8c01073afb71aa0a0709f02f8e24247589e8f5e4
    # via
    #   -r riscv-mini/requirements.in
    #   litedram
    #   litesdcard
    #   litespi
    #   litex-boards
litex-boards @ git+https://github.com/litex-hub/litex-boards.git@c0d9cdf11e20c8b774f4ee1154fddac6e1dca03a
    # via -r riscv-mini/requirements.in
meson==1.12.1
    # via -r riscv-mini/requirements.in
migen @ git+https://github.com/m-labs/migen.git@e19524c963a8342952840983047557707fbe0b6a
    # via
    #   -r riscv-mini/requirements.in
    #   litex
ninja==1.13.2
    # via -r riscv-mini/requirements.in
packaging==26.3
    # via litex
pyserial==3.5
    # via litex
pythondata-cpu-vexriscv @ git+https://github.com/litex-hub/pythondata-cpu-vexriscv.git@642ecfed1c84460555d6d803d660cc60cfc1ecb6
    # via -r riscv-mini/requirements.in
pythondata-software-compiler-rt @ git+https://github.com/litex-hub/pythondata-software-compiler_rt.git@6eb76609c9627bf26635e57c63fb22cda7115887
    # via -r riscv-mini/requirements.in
pythondata-software-picolibc @ git+https://github.com/litex-hub/pythondata-software-picolibc.git@6a13ccce7c575b32c102dd9dc52178505b81fe39
    # via -r riscv-mini/requirements.in
pyyaml==6.0.3
    # via
    #   litedram
    #   litesdcard
    #   litespi
requests==2.34.2
    # via litex
urllib3==2.8.0
    # via requests
